
Microsoft Visual Studio Solution File, Format Version 12.00
# Visual Studio Version 17
VisualStudioVersion = 17.9.34728.123
MinimumVisualStudioVersion = 10.0.40219.1
Project("{FAE04EC0-301F-11D3-BF4B-00C04F79EFBC}") = "ConsoleApp1", "ConsoleApp1\ConsoleApp1.csproj", "{6F975774-6533-4FB9-AD2A-71A9CE807402}"
EndProject
Global
	GlobalSection(SolutionConfigurationPlatforms) = preSolution
		Debug|Any CPU = Debug|Any CPU
		Release|Any CPU = Release|Any CPU
	EndGlobalSection
	GlobalSection(ProjectConfigurationPlatforms) = postSolution
		{6F975774-6533-4FB9-AD2A-71A9CE807402}.Debug|Any CPU.ActiveCfg = Debug|Any CPU
		{6F975774-6533-4FB9-AD2A-71A9CE807402}.Debug|Any CPU.Build.0 = Debug|Any CPU
		{6F975774-6533-4FB9-AD2A-71A9CE807402}.Release|Any CPU.ActiveCfg = Release|Any CPU
		{6F975774-6533-4FB9-AD2A-71A9CE807402}.Release|Any CPU.Build.0 = Release|Any CPU
	EndGlobalSection
	GlobalSection(SolutionProperties) = preSolution
		HideSolutionNode = FALSE
	EndGlobalSection
	GlobalSection(ExtensibilityGlobals) = postSolution
		SolutionGuid = {4D65140E-598C-41B2-AE3B-648EF35AF005}
	EndGlobalSection
EndGlobal
